
Microsoft Visual Studio Solution File, Format Version 12.00
# Visual Studio Version 17
VisualStudioVersion = 17.11.35312.102
MinimumVisualStudioVersion = 10.0.40219.1
Project("{FAE04EC0-301F-11D3-BF4B-00C04F79EFBC}") = "sims_ws_test2", "sims_ws_test2\sims_ws_test2.csproj", "{F5E205AA-DE49-48F0-917E-F2EC1E481BD3}"
EndProject
Global
	GlobalSection(SolutionConfigurationPlatforms) = preSolution
		Debug|Any CPU = Debug|Any CPU
		Release|Any CPU = Release|Any CPU
	EndGlobalSection
	GlobalSection(ProjectConfigurationPlatforms) = postSolution
		{F5E205AA-DE49-48F0-917E-F2EC1E481BD3}.Debug|Any CPU.ActiveCfg = Debug|Any CPU
		{F5E205AA-DE49-48F0-917E-F2EC1E481BD3}.Debug|Any CPU.Build.0 = Debug|Any CPU
		{F5E205AA-DE49-48F0-917E-F2EC1E481BD3}.Release|Any CPU.ActiveCfg = Release|Any CPU
		{F5E205AA-DE49-48F0-917E-F2EC1E481BD3}.Release|Any CPU.Build.0 = Release|Any CPU
	EndGlobalSection
	GlobalSection(SolutionProperties) = preSolution
		HideSolutionNode = FALSE
	EndGlobalSection
	GlobalSection(ExtensibilityGlobals) = postSolution
		SolutionGuid = {8F961381-A293-4F69-81F1-407F3CFB70C1}
	EndGlobalSection
EndGlobal
